
Microsoft Visual Studio Solution File, Format Version 12.00
# Visual Studio Version 16
VisualStudioVersion = 16.0.30114.105
MinimumVisualStudioVersion = 10.0.40219.1
Project("{FAE04EC0-301F-11D3-BF4B-00C04F79EFBC}") = "CloudCustomers.API", "CloudCustomers.API\CloudCustomers.API.csproj", "{091021F8-58AF-4CA0-B9FA-F5569B62901D}"
EndProject
Project("{FAE04EC0-301F-11D3-BF4B-00C04F79EFBC}") = "CloudCustomers.UnitTests", "CloudCustomers.UnitTests\CloudCustomers.UnitTests.csproj", "{C0B18576-B140-4142-B494-6B5FB92DB3A6}"
EndProject
Global
	GlobalSection(SolutionConfigurationPlatforms) = preSolution
		Debug|Any CPU = Debug|Any CPU
		Release|Any CPU = Release|Any CPU
	EndGlobalSection
	GlobalSection(SolutionProperties) = preSolution
		HideSolutionNode = FALSE
	EndGlobalSection
	GlobalSection(ProjectConfigurationPlatforms) = postSolution
		{091021F8-58AF-4CA0-B9FA-F5569B62901D}.Debug|Any CPU.ActiveCfg = Debug|Any CPU
		{091021F8-58AF-4CA0-B9FA-F5569B62901D}.Debug|Any CPU.Build.0 = Debug|Any CPU
		{091021F8-58AF-4CA0-B9FA-F5569B62901D}.Release|Any CPU.ActiveCfg = Release|Any CPU
		{091021F8-58AF-4CA0-B9FA-F5569B62901D}.Release|Any CPU.Build.0 = Release|Any CPU
		{C0B18576-B140-4142-B494-6B5FB92DB3A6}.Debug|Any CPU.ActiveCfg = Debug|Any CPU
		{C0B18576-B140-4142-B494-6B5FB92DB3A6}.Debug|Any CPU.Build.0 = Debug|Any CPU
		{C0B18576-B140-4142-B494-6B5FB92DB3A6}.Release|Any CPU.ActiveCfg = Release|Any CPU
		{C0B18576-B140-4142-B494-6B5FB92DB3A6}.Release|Any CPU.Build.0 = Release|Any CPU
	EndGlobalSection
EndGlobal
